
Microsoft Visual Studio Solution File, Format Version 12.00
# Visual Studio 15
VisualStudioVersion = 15.0.26430.15
MinimumVisualStudioVersion = 10.0.40219.1
Project("{FAE04EC0-301F-11D3-BF4B-00C04F79EFBC}") = "libjsonrpc-sharp", "libjsonrpc-sharp.csproj", "{89D6FBCF-433E-4922-A1B8-0EF37868EBEC}"
EndProject
Project("{FAE04EC0-301F-11D3-BF4B-00C04F79EFBC}") = "tests", "tests\tests.csproj", "{F69803C3-8E42-4284-BD4E-C9D8F2C1AE17}"
EndProject
Global
	GlobalSection(SolutionConfigurationPlatforms) = preSolution
		Debug|Any CPU = Debug|Any CPU
		Release|Any CPU = Release|Any CPU
	EndGlobalSection
	GlobalSection(ProjectConfigurationPlatforms) = postSolution
		{89D6FBCF-433E-4922-A1B8-0EF37868EBEC}.Debug|Any CPU.ActiveCfg = Debug|Any CPU
		{89D6FBCF-433E-4922-A1B8-0EF37868EBEC}.Debug|Any CPU.Build.0 = Debug|Any CPU
		{89D6FBCF-433E-4922-A1B8-0EF37868EBEC}.Release|Any CPU.ActiveCfg = Release|Any CPU
		{89D6FBCF-433E-4922-A1B8-0EF37868EBEC}.Release|Any CPU.Build.0 = Release|Any CPU
		{F69803C3-8E42-4284-BD4E-C9D8F2C1AE17}.Debug|Any CPU.ActiveCfg = Debug|Any CPU
		{F69803C3-8E42-4284-BD4E-C9D8F2C1AE17}.Debug|Any CPU.Build.0 = Debug|Any CPU
		{F69803C3-8E42-4284-BD4E-C9D8F2C1AE17}.Release|Any CPU.ActiveCfg = Release|Any CPU
		{F69803C3-8E42-4284-BD4E-C9D8F2C1AE17}.Release|Any CPU.Build.0 = Release|Any CPU
	EndGlobalSection
	GlobalSection(SolutionProperties) = preSolution
		HideSolutionNode = FALSE
	EndGlobalSection
EndGlobal
